// !$*UTF8*$!
{
	archiveVersion = 1;
	classes = {
	};
	objectVersion = 56;
	objects = {

/* Begin PBXBuildFile section */
		2D964CA82B9606B2004EF653 /* AppDelegate.swift in Sources */ = {isa = PBXBuildFile; fileRef = 2D964CA72B9606B2004EF653 /* AppDelegate.swift */; };
		2D964CAA2B9606B2004EF653 /* SceneDelegate.swift in Sources */ = {isa = PBXBuildFile; fileRef = 2D964CA92B9606B2004EF653 /* SceneDelegate.swift */; };
		2D964CAC2B9606B2004EF653 /* ViewController.swift in Sources */ = {isa = PBXBuildFile; fileRef = 2D964CAB2B9606B2004EF653 /* ViewController.swift */; };
		2D964CAF2B9606B2004EF653 /* Main.storyboard in Resources */ = {isa = PBXBuildFile; fileRef = 2D964CAD2B9606B2004EF653 /* Main.storyboard */; };
		2D964CB12B9606B6004EF653 /* Assets.xcassets in Resources */ = {isa = PBXBuildFile; fileRef = 2D964CB02B9606B6004EF653 /* Assets.xcassets */; };
		2D964CB42B9606B6004EF653 /* LaunchScreen.storyboard in Resources */ = {isa = PBXBuildFile; fileRef = 2D964CB22B9606B6004EF653 /* LaunchScreen.storyboard */; };
		2D964CBF2B9606B6004EF653 /* CalculatorAppTests.swift in Sources */ = {isa = PBXBuildFile; fileRef = 2D964CBE2B9606B6004EF653 /* CalculatorAppTests.swift */; };
		2D964CC92B9606B6004EF653 /* CalculatorAppUITests.swift in Sources */ = {isa = PBXBuildFile; fileRef = 2D964CC82B9606B6004EF653 /* CalculatorAppUITests.swift */; };
		2D964CCB2B9606B6004EF653 /* CalculatorAppUITestsLaunchTests.swift in Sources */ = {isa = PBXBuildFile; fileRef = 2D964CCA2B9606B6004EF653 /* CalculatorAppUITestsLaunchTests.swift */; };
		2DB26FAA2B9723C700CD8DB6 /* CalculatorModel.swift in Sources */ = {isa = PBXBuildFile; fileRef = 2DB26FA92B9723C700CD8DB6 /* CalculatorModel.swift */; };
		2DDADE6C2B96156600C971F4 /* RoundButton.swift in Sources */ = {isa = PBXBuildFile; fileRef = 2DDADE6B2B96156600C971F4 /* RoundButton.swift */; };
/* End PBXBuildFile section */

/* Begin PBXContainerItemProxy section */
		2D964CBB2B9606B6004EF653 /* PBXContainerItemProxy */ = {
			isa = PBXContainerItemProxy;
			containerPortal = 2D964C9C2B9606B2004EF653 /* Project object */;
			proxyType = 1;
			remoteGlobalIDString = 2D964CA32B9606B2004EF653;
			remoteInfo = CalculatorApp;
		};
		2D964CC52B9606B6004EF653 /* PBXContainerItemProxy */ = {
			isa = PBXContainerItemProxy;
			containerPortal = 2D964C9C2B9606B2004EF653 /* Project object */;
			proxyType = 1;
			remoteGlobalIDString = 2D964CA32B9606B2004EF653;
			remoteInfo = CalculatorApp;
		};
/* End PBXContainerItemProxy section */

/* Begin PBXFileReference section */
		2D964CA42B9606B2004EF653 /* CalculatorApp.app */ = {isa = PBXFileReference; explicitFileType = wrapper.application; includeInIndex = 0; path = CalculatorApp.app; sourceTree = BUILT_PRODUCTS_DIR; };
		2D964CA72B9606B2004EF653 /* AppDelegate.swift */ = {isa = PBXFileReference; lastKnownFileType = sourcecode.swift; path = AppDelegate.swift; sourceTree = "<group>"; };
		2D964CA92B9606B2004EF653 /* SceneDelegate.swift */ = {isa = PBXFileReference; lastKnownFileType = sourcecode.swift; path = SceneDelegate.swift; sourceTree = "<group>"; };
		2D964CAB2B9606B2004EF653 /* ViewController.swift */ = {isa = PBXFileReference; lastKnownFileType = sourcecode.swift; path = ViewController.swift; sourceTree = "<group>"; };
		2D964CAE2B9606B2004EF653 /* Base */ = {isa = PBXFileReference; lastKnownFileType = file.storyboard; name = Base; path = Base.lproj/Main.storyboard; sourceTree = "<group>"; };
		2D964CB02B9606B6004EF653 /* Assets.xcassets */ = {isa = PBXFileReference; lastKnownFileType = folder.assetcatalog; path = Assets.xcassets; sourceTree = "<group>"; };
		2D964CB32B9606B6004EF653 /* Base */ = {isa = PBXFileReference; lastKnownFileType = file.storyboard; name = Base; path = Base.lproj/LaunchScreen.storyboard; sourceTree = "<group>"; };
		2D964CB52B9606B6004EF653 /* Info.plist */ = {isa = PBXFileReference; lastKnownFileType = text.plist.xml; path = Info.plist; sourceTree = "<group>"; };
		2D964CBA2B9606B6004EF653 /* CalculatorAppTests.xctest */ = {isa = PBXFileReference; explicitFileType = wrapper.cfbundle; includeInIndex = 0; path = CalculatorAppTests.xctest; sourceTree = BUILT_PRODUCTS_DIR; };
		2D964CBE2B9606B6004EF653 /* CalculatorAppTests.swift */ = {isa = PBXFileReference; lastKnownFileType = sourcecode.swift; path = CalculatorAppTests.swift; sourceTree = "<group>"; };
		2D964CC42B9606B6004EF653 /* CalculatorAppUITests.xctest */ = {isa = PBXFileReference; explicitFileType = wrapper.cfbundle; includeInIndex = 0; path = CalculatorAppUITests.xctest; sourceTree = BUILT_PRODUCTS_DIR; };
		2D964CC82B9606B6004EF653 /* CalculatorAppUITests.swift */ = {isa = PBXFileReference; lastKnownFileType = sourcecode.swift; path = CalculatorAppUITests.swift; sourceTree = "<group>"; };
		2D964CCA2B9606B6004EF653 /* CalculatorAppUITestsLaunchTests.swift */ = {isa = PBXFileReference; lastKnownFileType = sourcecode.swift; path = CalculatorAppUITestsLaunchTests.swift; sourceTree = "<group>"; };
		2DB26FA92B9723C700CD8DB6 /* CalculatorModel.swift */ = {isa = PBXFileReference; lastKnownFileType = sourcecode.swift; path = CalculatorModel.swift; sourceTree = "<group>"; };
		2DDADE6B2B96156600C971F4 /* RoundButton.swift */ = {isa = PBXFileReference; lastKnownFileType = sourcecode.swift; path = RoundButton.swift; sourceTree = "<group>"; };
/* End PBXFileReference section */

/* Begin PBXFrameworksBuildPhase section */
		2D964CA12B9606B2004EF653 /* Frameworks */ = {
			isa = PBXFrameworksBuildPhase;
			buildActionMask = 2147483647;
			files = (
			);
			runOnlyForDeploymentPostprocessing = 0;
		};
		2D964CB72B9606B6004EF653 /* Frameworks */ = {
			isa = PBXFrameworksBuildPhase;
			buildActionMask = 2147483647;
			files = (
			);
			runOnlyForDeploymentPostprocessing = 0;
		};
		2D964CC12B9606B6004EF653 /* Frameworks */ = {
			isa = PBXFrameworksBuildPhase;
			buildActionMask = 2147483647;
			files = (
			);
			runOnlyForDeploymentPostprocessing = 0;
		};
/* End PBXFrameworksBuildPhase section */

/* Begin PBXGroup section */
		2D964C9B2B9606B2004EF653 = {
			isa = PBXGroup;
			children = (
				2D964CA62B9606B2004EF653 /* CalculatorApp */,
				2D964CBD2B9606B6004EF653 /* CalculatorAppTests */,
				2D964CC72B9606B6004EF653 /* CalculatorAppUITests */,
				2D964CA52B9606B2004EF653 /* Products */,
			);
			sourceTree = "<group>";
		};
		2D964CA52B9606B2004EF653 /* Products */ = {
			isa = PBXGroup;
			children = (
				2D964CA42B9606B2004EF653 /* CalculatorApp.app */,
				2D964CBA2B9606B6004EF653 /* CalculatorAppTests.xctest */,
				2D964CC42B9606B6004EF653 /* CalculatorAppUITests.xctest */,
			);
			name = Products;
			sourceTree = "<group>";
		};
		2D964CA62B9606B2004EF653 /* CalculatorApp */ = {
			isa = PBXGroup;
			children = (
				2DDADE6D2B961AAD00C971F4 /* Model */,
				2DDADE6E2B961ABC00C971F4 /* View */,
				2DDADE6F2B961AC800C971F4 /* Controller */,
				2D964CA72B9606B2004EF653 /* AppDelegate.swift */,
				2D964CA92B9606B2004EF653 /* SceneDelegate.swift */,
				2D964CB02B9606B6004EF653 /* Assets.xcassets */,
				2D964CB52B9606B6004EF653 /* Info.plist */,
			);
			path = CalculatorApp;
			sourceTree = "<group>";
		};
		2D964CBD2B9606B6004EF653 /* CalculatorAppTests */ = {
			isa = PBXGroup;
			children = (
				2D964CBE2B9606B6004EF653 /* CalculatorAppTests.swift */,
			);
			path = CalculatorAppTests;
			sourceTree = "<group>";
		};
		2D964CC72B9606B6004EF653 /* CalculatorAppUITests */ = {
			isa = PBXGroup;
			children = (
				2D964CC82B9606B6004EF653 /* CalculatorAppUITests.swift */,
				2D964CCA2B9606B6004EF653 /* CalculatorAppUITestsLaunchTests.swift */,
			);
			path = CalculatorAppUITests;
			sourceTree = "<group>";
		};
		2DDADE6D2B961AAD00C971F4 /* Model */ = {
			isa = PBXGroup;
			children = (
				2DB26FA92B9723C700CD8DB6 /* CalculatorModel.swift */,
			);
			path = Model;
			sourceTree = "<group>";
		};
		2DDADE6E2B961ABC00C971F4 /* View */ = {
			isa = PBXGroup;
			children = (
				2D964CAD2B9606B2004EF653 /* Main.storyboard */,
				2D964CB22B9606B6004EF653 /* LaunchScreen.storyboard */,
				2DDADE6B2B96156600C971F4 /* RoundButton.swift */,
			);
			path = View;
			sourceTree = "<group>";
		};
		2DDADE6F2B961AC800C971F4 /* Controller */ = {
			isa = PBXGroup;
			children = (
				2D964CAB2B9606B2004EF653 /* ViewController.swift */,
			);
			path = Controller;
			sourceTree = "<group>";
		};
/* End PBXGroup section */

/* Begin PBXNativeTarget section */
		2D964CA32B9606B2004EF653 /* CalculatorApp */ = {
			isa = PBXNativeTarget;
			buildConfigurationList = 2D964CCE2B9606B6004EF653 /* Build configuration list for PBXNativeTarget "CalculatorApp" */;
			buildPhases = (
				2D964CA02B9606B2004EF653 /* Sources */,
				2D964CA12B9606B2004EF653 /* Frameworks */,
				2D964CA22B9606B2004EF653 /* Resources */,
			);
			buildRules = (
			);
			dependencies = (
			);
			name = CalculatorApp;
			productName = CalculatorApp;
			productReference = 2D964CA42B9606B2004EF653 /* CalculatorApp.app */;
			productType = "com.apple.product-type.application";
		};
		2D964CB92B9606B6004EF653 /* CalculatorAppTests */ = {
			isa = PBXNativeTarget;
			buildConfigurationList = 2D964CD12B9606B6004EF653 /* Build configuration list for PBXNativeTarget "CalculatorAppTests" */;
			buildPhases = (
				2D964CB62B9606B6004EF653 /* Sources */,
				2D964CB72B9606B6004EF653 /* Frameworks */,
				2D964CB82B9606B6004EF653 /* Resources */,
			);
			buildRules = (
			);
			dependencies = (
				2D964CBC2B9606B6004EF653 /* PBXTargetDependency */,
			);
			name = CalculatorAppTests;
			productName = CalculatorAppTests;
			productReference = 2D964CBA2B9606B6004EF653 /* CalculatorAppTests.xctest */;
			productType = "com.apple.product-type.bundle.unit-test";
		};
		2D964CC32B9606B6004EF653 /* CalculatorAppUITests */ = {
			isa = PBXNativeTarget;
			buildConfigurationList = 2D964CD42B9606B6004EF653 /* Build configuration list for PBXNativeTarget "CalculatorAppUITests" */;
			buildPhases = (
				2D964CC02B9606B6004EF653 /* Sources */,
				2D964CC12B9606B6004EF653 /* Frameworks */,
				2D964CC22B9606B6004EF653 /* Resources */,
			);
			buildRules = (
			);
			dependencies = (
				2D964CC62B9606B6004EF653 /* PBXTargetDependency */,
			);
			name = CalculatorAppUITests;
			productName = CalculatorAppUITests;
			productReference = 2D964CC42B9606B6004EF653 /* CalculatorAppUITests.xctest */;
			productType = "com.apple.product-type.bundle.ui-testing";
		};
/* End PBXNativeTarget section */

/* Begin PBXProject section */
		2D964C9C2B9606B2004EF653 /* Project object */ = {
			isa = PBXProject;
			attributes = {
				BuildIndependentTargetsInParallel = 1;
				LastSwiftUpdateCheck = 1420;
				LastUpgradeCheck = 1420;
				TargetAttributes = {
					2D964CA32B9606B2004EF653 = {
						CreatedOnToolsVersion = 14.2;
					};
					2D964CB92B9606B6004EF653 = {
						CreatedOnToolsVersion = 14.2;
						TestTargetID = 2D964CA32B9606B2004EF653;
					};
					2D964CC32B9606B6004EF653 = {
						CreatedOnToolsVersion = 14.2;
						TestTargetID = 2D964CA32B9606B2004EF653;
					};
				};
			};
			buildConfigurationList = 2D964C9F2B9606B2004EF653 /* Build configuration list for PBXProject "CalculatorApp" */;
			compatibilityVersion = "Xcode 14.0";
			developmentRegion = en;
			hasScannedForEncodings = 0;
			knownRegions = (
				en,
				Base,
			);
			mainGroup = 2D964C9B2B9606B2004EF653;
			productRefGroup = 2D964CA52B9606B2004EF653 /* Products */;
			projectDirPath = "";
			projectRoot = "";
			targets = (
				2D964CA32B9606B2004EF653 /* CalculatorApp */,
				2D964CB92B9606B6004EF653 /* CalculatorAppTests */,
				2D964CC32B9606B6004EF653 /* CalculatorAppUITests */,
			);
		};
/* End PBXProject section */

/* Begin PBXResourcesBuildPhase section */
		2D964CA22B9606B2004EF653 /* Resources */ = {
			isa = PBXResourcesBuildPhase;
			buildActionMask = 2147483647;
			files = (
				2D964CB42B9606B6004EF653 /* LaunchScreen.storyboard in Resources */,
				2D964CB12B9606B6004EF653 /* Assets.xcassets in Resources */,
				2D964CAF2B9606B2004EF653 /* Main.storyboard in Resources */,
			);
			runOnlyForDeploymentPostprocessing = 0;
		};
		2D964CB82B9606B6004EF653 /* Resources */ = {
			isa = PBXResourcesBuildPhase;
			buildActionMask = 2147483647;
			files = (
			);
			runOnlyForDeploymentPostprocessing = 0;
		};
		2D964CC22B9606B6004EF653 /* Resources */ = {
			isa = PBXResourcesBuildPhase;
			buildActionMask = 2147483647;
			files = (
			);
			runOnlyForDeploymentPostprocessing = 0;
		};
/* End PBXResourcesBuildPhase section */

/* Begin PBXSourcesBuildPhase section */
		2D964CA02B9606B2004EF653 /* Sources */ = {
			isa = PBXSourcesBuildPhase;
			buildActionMask = 2147483647;
			files = (
				2DDADE6C2B96156600C971F4 /* RoundButton.swift in Sources */,
				2DB26FAA2B9723C700CD8DB6 /* CalculatorModel.swift in Sources */,
				2D964CAC2B9606B2004EF653 /* ViewController.swift in Sources */,
				2D964CA82B9606B2004EF653 /* AppDelegate.swift in Sources */,
				2D964CAA2B9606B2004EF653 /* SceneDelegate.swift in Sources */,
			);
			runOnlyForDeploymentPostprocessing = 0;
		};
		2D964CB62B9606B6004EF653 /* Sources */ = {
			isa = PBXSourcesBuildPhase;
			buildActionMask = 2147483647;
			files = (
				2D964CBF2B9606B6004EF653 /* CalculatorAppTests.swift in Sources */,
			);
			runOnlyForDeploymentPostprocessing = 0;
		};
		2D964CC02B9606B6004EF653 /* Sources */ = {
			isa = PBXSourcesBuildPhase;
			buildActionMask = 2147483647;
			files = (
				2D964CCB2B9606B6004EF653 /* CalculatorAppUITestsLaunchTests.swift in Sources */,
				2D964CC92B9606B6004EF653 /* CalculatorAppUITests.swift in Sources */,
			);
			runOnlyForDeploymentPostprocessing = 0;
		};
/* End PBXSourcesBuildPhase section */

/* Begin PBXTargetDependency section */
		2D964CBC2B9606B6004EF653 /* PBXTargetDependency */ = {
			isa = PBXTargetDependency;
			target = 2D964CA32B9606B2004EF653 /* CalculatorApp */;
			targetProxy = 2D964CBB2B9606B6004EF653 /* PBXContainerItemProxy */;
		};
		2D964CC62B9606B6004EF653 /* PBXTargetDependency */ = {
			isa = PBXTargetDependency;
			target = 2D964CA32B9606B2004EF653 /* CalculatorApp */;
			targetProxy = 2D964CC52B9606B6004EF653 /* PBXContainerItemProxy */;
		};
/* End PBXTargetDependency section */

/* Begin PBXVariantGroup section */
		2D964CAD2B9606B2004EF653 /* Main.storyboard */ = {
			isa = PBXVariantGroup;
			children = (
				2D964CAE2B9606B2004EF653 /* Base */,
			);
			name = Main.storyboard;
			sourceTree = "<group>";
		};
		2D964CB22B9606B6004EF653 /* LaunchScreen.storyboard */ = {
			isa = PBXVariantGroup;
			children = (
				2D964CB32B9606B6004EF653 /* Base */,
			);
			name = LaunchScreen.storyboard;
			sourceTree = "<group>";
		};
/* End PBXVariantGroup section */

/* Begin XCBuildConfiguration section */
		2D964CCC2B9606B6004EF653 /* Debug */ = {
			isa = XCBuildConfiguration;
			buildSettings = {
				ALWAYS_SEARCH_USER_PATHS = NO;
				CLANG_ANALYZER_NONNULL = YES;
				CLANG_ANALYZER_NUMBER_OBJECT_CONVERSION = YES_AGGRESSIVE;
				CLANG_CXX_LANGUAGE_STANDARD = "gnu++20";
				CLANG_ENABLE_MODULES = YES;
				CLANG_ENABLE_OBJC_ARC = YES;
				CLANG_ENABLE_OBJC_WEAK = YES;
				CLANG_WARN_BLOCK_CAPTURE_AUTORELEASING = YES;
				CLANG_WARN_BOOL_CONVERSION = YES;
				CLANG_WARN_COMMA = YES;
				CLANG_WARN_CONSTANT_CONVERSION = YES;
				CLANG_WARN_DEPRECATED_OBJC_IMPLEMENTATIONS = YES;
				CLANG_WARN_DIRECT_OBJC_ISA_USAGE = YES_ERROR;
				CLANG_WARN_DOCUMENTATION_COMMENTS = YES;
				CLANG_WARN_EMPTY_BODY = YES;
				CLANG_WARN_ENUM_CONVERSION = YES;
				CLANG_WARN_INFINITE_RECURSION = YES;
				CLANG_WARN_INT_CONVERSION = YES;
				CLANG_WARN_NON_LITERAL_NULL_CONVERSION = YES;
				CLANG_WARN_OBJC_IMPLICIT_RETAIN_SELF = YES;
				CLANG_WARN_OBJC_LITERAL_CONVERSION = YES;
				CLANG_WARN_OBJC_ROOT_CLASS = YES_ERROR;
				CLANG_WARN_QUOTED_INCLUDE_IN_FRAMEWORK_HEADER = YES;
				CLANG_WARN_RANGE_LOOP_ANALYSIS = YES;
				CLANG_WARN_STRICT_PROTOTYPES = YES;
				CLANG_WARN_SUSPICIOUS_MOVE = YES;
				CLANG_WARN_UNGUARDED_AVAILABILITY = YES_AGGRESSIVE;
				CLANG_WARN_UNREACHABLE_CODE = YES;
				CLANG_WARN__DUPLICATE_METHOD_MATCH = YES;
				COPY_PHASE_STRIP = NO;
				DEBUG_INFORMATION_FORMAT = dwarf;
				ENABLE_STRICT_OBJC_MSGSEND = YES;
				ENABLE_TESTABILITY = YES;
				GCC_C_LANGUAGE_STANDARD = gnu11;
				GCC_DYNAMIC_NO_PIC = NO;
				GCC_NO_COMMON_BLOCKS = YES;
				GCC_OPTIMIZATION_LEVEL = 0;
				GCC_PREPROCESSOR_DEFINITIONS = (
					"DEBUG=1",
					"$(inherited)",
				);
				GCC_WARN_64_TO_32_BIT_CONVERSION = YES;
				GCC_WARN_ABOUT_RETURN_TYPE = YES_ERROR;
				GCC_WARN_UNDECLARED_SELECTOR = YES;
				GCC_WARN_UNINITIALIZED_AUTOS = YES_AGGRESSIVE;
				GCC_WARN_UNUSED_FUNCTION = YES;
				GCC_WARN_UNUSED_VARIABLE = YES;
				IPHONEOS_DEPLOYMENT_TARGET = 16.2;
				MTL_ENABLE_DEBUG_INFO = INCLUDE_SOURCE;
				MTL_FAST_MATH = YES;
				ONLY_ACTIVE_ARCH = YES;
				SDKROOT = iphoneos;
				SWIFT_ACTIVE_COMPILATION_CONDITIONS = DEBUG;
				SWIFT_OPTIMIZATION_LEVEL = "-Onone";
			};
			name = Debug;
		};
		2D964CCD2B9606B6004EF653 /* Release */ = {
			isa = XCBuildConfiguration;
			buildSettings = {
				ALWAYS_SEARCH_USER_PATHS = NO;
				CLANG_ANALYZER_NONNULL = YES;
				CLANG_ANALYZER_NUMBER_OBJECT_CONVERSION = YES_AGGRESSIVE;
				CLANG_CXX_LANGUAGE_STANDARD = "gnu++20";
				CLANG_ENABLE_MODULES = YES;
				CLANG_ENABLE_OBJC_ARC = YES;
				CLANG_ENABLE_OBJC_WEAK = YES;
				CLANG_WARN_BLOCK_CAPTURE_AUTORELEASING = YES;
				CLANG_WARN_BOOL_CONVERSION = YES;
				CLANG_WARN_COMMA = YES;
				CLANG_WARN_CONSTANT_CONVERSION = YES;
				CLANG_WARN_DEPRECATED_OBJC_IMPLEMENTATIONS = YES;
				CLANG_WARN_DIRECT_OBJC_ISA_USAGE = YES_ERROR;
				CLANG_WARN_DOCUMENTATION_COMMENTS = YES;
				CLANG_WARN_EMPTY_BODY = YES;
				CLANG_WARN_ENUM_CONVERSION = YES;
				CLANG_WARN_INFINITE_RECURSION = YES;
				CLANG_WARN_INT_CONVERSION = YES;
				CLANG_WARN_NON_LITERAL_NULL_CONVERSION = YES;
				CLANG_WARN_OBJC_IMPLICIT_RETAIN_SELF = YES;
				CLANG_WARN_OBJC_LITERAL_CONVERSION = YES;
				CLANG_WARN_OBJC_ROOT_CLASS = YES_ERROR;
				CLANG_WARN_QUOTED_INCLUDE_IN_FRAMEWORK_HEADER = YES;
				CLANG_WARN_RANGE_LOOP_ANALYSIS = YES;
				CLANG_WARN_STRICT_PROTOTYPES = YES;
				CLANG_WARN_SUSPICIOUS_MOVE = YES;
				CLANG_WARN_UNGUARDED_AVAILABILITY = YES_AGGRESSIVE;
				CLANG_WARN_UNREACHABLE_CODE = YES;
				CLANG_WARN__DUPLICATE_METHOD_MATCH = YES;
				COPY_PHASE_STRIP = NO;
				DEBUG_INFORMATION_FORMAT = "dwarf-with-dsym";
				ENABLE_NS_ASSERTIONS = NO;
				ENABLE_STRICT_OBJC_MSGSEND = YES;
				GCC_C_LANGUAGE_STANDARD = gnu11;
				GCC_NO_COMMON_BLOCKS = YES;
				GCC_WARN_64_TO_32_BIT_CONVERSION = YES;
				GCC_WARN_ABOUT_RETURN_TYPE = YES_ERROR;
				GCC_WARN_UNDECLARED_SELECTOR = YES;
				GCC_WARN_UNINITIALIZED_AUTOS = YES_AGGRESSIVE;
				GCC_WARN_UNUSED_FUNCTION = YES;
				GCC_WARN_UNUSED_VARIABLE = YES;
				IPHONEOS_DEPLOYMENT_TARGET = 16.2;
				MTL_ENABLE_DEBUG_INFO = NO;
				MTL_FAST_MATH = YES;
				SDKROOT = iphoneos;
				SWIFT_COMPILATION_MODE = wholemodule;
				SWIFT_OPTIMIZATION_LEVEL = "-O";
				VALIDATE_PRODUCT = YES;
			};
			name = Release;
		};
		2D964CCF2B9606B6004EF653 /* Debug */ = {
			isa = XCBuildConfiguration;
			buildSettings = {
				ASSETCATALOG_COMPILER_APPICON_NAME = AppIcon;
				ASSETCATALOG_COMPILER_GLOBAL_ACCENT_COLOR_NAME = AccentColor;
				CODE_SIGN_STYLE = Automatic;
				CURRENT_PROJECT_VERSION = 1;
				GENERATE_INFOPLIST_FILE = YES;
				INFOPLIST_FILE = CalculatorApp/Info.plist;
				INFOPLIST_KEY_UIApplicationSupportsIndirectInputEvents = YES;
				INFOPLIST_KEY_UILaunchStoryboardName = LaunchScreen;
				INFOPLIST_KEY_UIMainStoryboardFile = Main;
				INFOPLIST_KEY_UISupportedInterfaceOrientations_iPad = "UIInterfaceOrientationPortrait UIInterfaceOrientationPortraitUpsideDown UIInterfaceOrientationLandscapeLeft UIInterfaceOrientationLandscapeRight";
				INFOPLIST_KEY_UISupportedInterfaceOrientations_iPhone = "UIInterfaceOrientationPortrait UIInterfaceOrientationLandscapeLeft UIInterfaceOrientationLandscapeRight";
				LD_RUNPATH_SEARCH_PATHS = (
					"$(inherited)",
					"@executable_path/Frameworks",
				);
				MARKETING_VERSION = 1.0;
				PRODUCT_BUNDLE_IDENTIFIER = com.mhou.CalculatorApp;
				PRODUCT_NAME = "$(TARGET_NAME)";
				SWIFT_EMIT_LOC_STRINGS = YES;
				SWIFT_VERSION = 5.0;
				TARGETED_DEVICE_FAMILY = "1,2";
			};
			name = Debug;
		};
		2D964CD02B9606B6004EF653 /* Release */ = {
			isa = XCBuildConfiguration;
			buildSettings = {
				ASSETCATALOG_COMPILER_APPICON_NAME = AppIcon;
				ASSETCATALOG_COMPILER_GLOBAL_ACCENT_COLOR_NAME = AccentColor;
				CODE_SIGN_STYLE = Automatic;
				CURRENT_PROJECT_VERSION = 1;
				GENERATE_INFOPLIST_FILE = YES;
				INFOPLIST_FILE = CalculatorApp/Info.plist;
				INFOPLIST_KEY_UIApplicationSupportsIndirectInputEvents = YES;
				INFOPLIST_KEY_UILaunchStoryboardName = LaunchScreen;
				INFOPLIST_KEY_UIMainStoryboardFile = Main;
				INFOPLIST_KEY_UISupportedInterfaceOrientations_iPad = "UIInterfaceOrientationPortrait UIInterfaceOrientationPortraitUpsideDown UIInterfaceOrientationLandscapeLeft UIInterfaceOrientationLandscapeRight";
				INFOPLIST_KEY_UISupportedInterfaceOrientations_iPhone = "UIInterfaceOrientationPortrait UIInterfaceOrientationLandscapeLeft UIInterfaceOrientationLandscapeRight";
				LD_RUNPATH_SEARCH_PATHS = (
					"$(inherited)",
					"@executable_path/Frameworks",
				);
				MARKETING_VERSION = 1.0;
				PRODUCT_BUNDLE_IDENTIFIER = com.mhou.CalculatorApp;
				PRODUCT_NAME = "$(TARGET_NAME)";
				SWIFT_EMIT_LOC_STRINGS = YES;
				SWIFT_VERSION = 5.0;
				TARGETED_DEVICE_FAMILY = "1,2";
			};
			name = Release;
		};
		2D964CD22B9606B6004EF653 /* Debug */ = {
			isa = XCBuildConfiguration;
			buildSettings = {
				ALWAYS_EMBED_SWIFT_STANDARD_LIBRARIES = YES;
				BUNDLE_LOADER = "$(TEST_HOST)";
				CODE_SIGN_STYLE = Automatic;
				CURRENT_PROJECT_VERSION = 1;
				GENERATE_INFOPLIST_FILE = YES;
				IPHONEOS_DEPLOYMENT_TARGET = 16.2;
				MARKETING_VERSION = 1.0;
				PRODUCT_BUNDLE_IDENTIFIER = com.mhou.CalculatorAppTests;
				PRODUCT_NAME = "$(TARGET_NAME)";
				SWIFT_EMIT_LOC_STRINGS = NO;
				SWIFT_VERSION = 5.0;
				TARGETED_DEVICE_FAMILY = "1,2";
				TEST_HOST = "$(BUILT_PRODUCTS_DIR)/CalculatorApp.app/$(BUNDLE_EXECUTABLE_FOLDER_PATH)/CalculatorApp";
			};
			name = Debug;
		};
		2D964CD32B9606B6004EF653 /* Release */ = {
			isa = XCBuildConfiguration;
			buildSettings = {
				ALWAYS_EMBED_SWIFT_STANDARD_LIBRARIES = YES;
				BUNDLE_LOADER = "$(TEST_HOST)";
				CODE_SIGN_STYLE = Automatic;
				CURRENT_PROJECT_VERSION = 1;
				GENERATE_INFOPLIST_FILE = YES;
				IPHONEOS_DEPLOYMENT_TARGET = 16.2;
				MARKETING_VERSION = 1.0;
				PRODUCT_BUNDLE_IDENTIFIER = com.mhou.CalculatorAppTests;
				PRODUCT_NAME = "$(TARGET_NAME)";
				SWIFT_EMIT_LOC_STRINGS = NO;
				SWIFT_VERSION = 5.0;
				TARGETED_DEVICE_FAMILY = "1,2";
				TEST_HOST = "$(BUILT_PRODUCTS_DIR)/CalculatorApp.app/$(BUNDLE_EXECUTABLE_FOLDER_PATH)/CalculatorApp";
			};
			name = Release;
		};
		2D964CD52B9606B6004EF653 /* Debug */ = {
			isa = XCBuildConfiguration;
			buildSettings = {
				ALWAYS_EMBED_SWIFT_STANDARD_LIBRARIES = YES;
				CODE_SIGN_STYLE = Automatic;
				CURRENT_PROJECT_VERSION = 1;
				GENERATE_INFOPLIST_FILE = YES;
				MARKETING_VERSION = 1.0;
				PRODUCT_BUNDLE_IDENTIFIER = com.mhou.CalculatorAppUITests;
				PRODUCT_NAME = "$(TARGET_NAME)";
				SWIFT_EMIT_LOC_STRINGS = NO;
				SWIFT_VERSION = 5.0;
				TARGETED_DEVICE_FAMILY = "1,2";
				TEST_TARGET_NAME = CalculatorApp;
			};
			name = Debug;
		};
		2D964CD62B9606B6004EF653 /* Release */ = {
			isa = XCBuildConfiguration;
			buildSettings = {
				ALWAYS_EMBED_SWIFT_STANDARD_LIBRARIES = YES;
				CODE_SIGN_STYLE = Automatic;
				CURRENT_PROJECT_VERSION = 1;
				GENERATE_INFOPLIST_FILE = YES;
				MARKETING_VERSION = 1.0;
				PRODUCT_BUNDLE_IDENTIFIER = com.mhou.CalculatorAppUITests;
				PRODUCT_NAME = "$(TARGET_NAME)";
				SWIFT_EMIT_LOC_STRINGS = NO;
				SWIFT_VERSION = 5.0;
				TARGETED_DEVICE_FAMILY = "1,2";
				TEST_TARGET_NAME = CalculatorApp;
			};
			name = Release;
		};
/* End XCBuildConfiguration section */

/* Begin XCConfigurationList section */
		2D964C9F2B9606B2004EF653 /* Build configuration list for PBXProject "CalculatorApp" */ = {
			isa = XCConfigurationList;
			buildConfigurations = (
				2D964CCC2B9606B6004EF653 /* Debug */,
				2D964CCD2B9606B6004EF653 /* Release */,
			);
			defaultConfigurationIsVisible = 0;
			defaultConfigurationName = Release;
		};
		2D964CCE2B9606B6004EF653 /* Build configuration list for PBXNativeTarget "CalculatorApp" */ = {
			isa = XCConfigurationList;
			buildConfigurations = (
				2D964CCF2B9606B6004EF653 /* Debug */,
				2D964CD02B9606B6004EF653 /* Release */,
			);
			defaultConfigurationIsVisible = 0;
			defaultConfigurationName = Release;
		};
		2D964CD12B9606B6004EF653 /* Build configuration list for PBXNativeTarget "CalculatorAppTests" */ = {
			isa = XCConfigurationList;
			buildConfigurations = (
				2D964CD22B9606B6004EF653 /* Debug */,
				2D964CD32B9606B6004EF653 /* Release */,
			);
			defaultConfigurationIsVisible = 0;
			defaultConfigurationName = Release;
		};
		2D964CD42B9606B6004EF653 /* Build configuration list for PBXNativeTarget "CalculatorAppUITests" */ = {
			isa = XCConfigurationList;
			buildConfigurations = (
				2D964CD52B9606B6004EF653 /* Debug */,
				2D964CD62B9606B6004EF653 /* Release */,
			);
			defaultConfigurationIsVisible = 0;
			defaultConfigurationName = Release;
		};
/* End XCConfigurationList section */
	};
	rootObject = 2D964C9C2B9606B2004EF653 /* Project object */;
}
